
Microsoft Visual Studio Solution File, Format Version 12.00
# Visual Studio Version 17
VisualStudioVersion = 17.0.31903.59
MinimumVisualStudioVersion = 10.0.40219.1
Project("{2150E333-8FDC-42A3-9474-1A3956D46DE8}") = "src", "src", "{E10067A3-C534-4016-94A7-4C48953A1535}"
EndProject
Project("{FAE04EC0-301F-11D3-BF4B-00C04F79EFBC}") = "Chirp.Razor", "src\Chirp.Razor\Chirp.Razor.csproj", "{776045F3-6E6E-47BD-9661-C8097375D522}"
EndProject
Global
	GlobalSection(SolutionConfigurationPlatforms) = preSolution
		Debug|Any CPU = Debug|Any CPU
		Release|Any CPU = Release|Any CPU
	EndGlobalSection
	GlobalSection(SolutionProperties) = preSolution
		HideSolutionNode = FALSE
	EndGlobalSection
	GlobalSection(ProjectConfigurationPlatforms) = postSolution
		{776045F3-6E6E-47BD-9661-C8097375D522}.Debug|Any CPU.ActiveCfg = Debug|Any CPU
		{776045F3-6E6E-47BD-9661-C8097375D522}.Debug|Any CPU.Build.0 = Debug|Any CPU
		{776045F3-6E6E-47BD-9661-C8097375D522}.Release|Any CPU.ActiveCfg = Release|Any CPU
		{776045F3-6E6E-47BD-9661-C8097375D522}.Release|Any CPU.Build.0 = Release|Any CPU
	EndGlobalSection
	GlobalSection(NestedProjects) = preSolution
		{776045F3-6E6E-47BD-9661-C8097375D522} = {E10067A3-C534-4016-94A7-4C48953A1535}
	EndGlobalSection
EndGlobal
