
Microsoft Visual Studio Solution File, Format Version 12.00
# Visual Studio Version 17
VisualStudioVersion = 17.5.002.0
MinimumVisualStudioVersion = 10.0.40219.1
Project("{9A19103F-16F7-4668-BE54-9A1E7A4F7556}") = "SimpleDB", "SimpleDB.csproj", "{88A3AF3A-CB07-4E66-A6F5-EC5FA071675A}"
EndProject
Global
	GlobalSection(SolutionConfigurationPlatforms) = preSolution
		Debug|Any CPU = Debug|Any CPU
		Release|Any CPU = Release|Any CPU
	EndGlobalSection
	GlobalSection(ProjectConfigurationPlatforms) = postSolution
		{88A3AF3A-CB07-4E66-A6F5-EC5FA071675A}.Debug|Any CPU.ActiveCfg = Debug|Any CPU
		{88A3AF3A-CB07-4E66-A6F5-EC5FA071675A}.Debug|Any CPU.Build.0 = Debug|Any CPU
		{88A3AF3A-CB07-4E66-A6F5-EC5FA071675A}.Release|Any CPU.ActiveCfg = Release|Any CPU
		{88A3AF3A-CB07-4E66-A6F5-EC5FA071675A}.Release|Any CPU.Build.0 = Release|Any CPU
	EndGlobalSection
	GlobalSection(SolutionProperties) = preSolution
		HideSolutionNode = FALSE
	EndGlobalSection
	GlobalSection(ExtensibilityGlobals) = postSolution
		SolutionGuid = {7EB14335-6CC3-4D4B-ABB3-89810EDF09A6}
	EndGlobalSection
EndGlobal
